<?xml version="1.0" encoding="UTF-8" standalone="yes" ?>
<CodeBlocks_project_file>
	<FileVersion major="1" minor="6" />
	<Project>
		<Option title="vbcpp" />
		<Option pch_mode="2" />
		<Option compiler="gcc" />
		<Build>
			<Target title="Linux Debug">
				<Option platforms="Unix;" />
				<Option output="bin/vbcpp_debug" prefix_auto="1" extension_auto="1" />
				<Option working_dir="bin/" />
				<Option object_output="obj/Debug/" />
				<Option type="1" />
				<Option compiler="gcc" />
				<Compiler>
					<Add option="-std=c++11" />
					<Add option="-g" />
					<Add directory="include" />
					<Add directory="include/bullet" />
					<Add directory="include/freetype" />
				</Compiler>
				<Linker>
					<Add library="GL" />
					<Add library="GLU" />
					<Add library="GLEW" />
					<Add library="SOIL" />
					<Add library="glfw3" />
					<Add library="3ds" />
					<Add library="Xrandr" />
					<Add library="rt" />
					<Add library="dl" />
					<Add library="Xxf86vm" />
					<Add library="Xi" />
					<Add library="pthread" />
					<Add library="Xcursor" />
					<Add library="Xinerama" />
					<Add library="X11" />
					<Add library="freetype" />
					<Add library="BulletDynamics" />
					<Add library="BulletCollision" />
					<Add library="BulletSoftBody" />
					<Add library="LinearMath" />
					<Add library="libz" />
					<Add directory="lib/linux_amd64" />
				</Linker>
			</Target>
			<Target title="Linux Release">
				<Option platforms="Unix;" />
				<Option output="bin/vbcpp" prefix_auto="1" extension_auto="1" />
				<Option working_dir="bin/" />
				<Option object_output="obj/Release/" />
				<Option type="1" />
				<Option compiler="gcc" />
				<Compiler>
					<Add option="-O2" />
					<Add option="-std=c++11" />
					<Add directory="include" />
					<Add directory="include/bullet" />
				</Compiler>
				<Linker>
					<Add option="-s" />
					<Add library="GL" />
					<Add library="GLU" />
					<Add library="GLEW" />
					<Add library="SOIL" />
					<Add library="glfw3" />
					<Add library="3ds" />
					<Add library="Xrandr" />
					<Add library="rt" />
					<Add library="dl" />
					<Add library="Xxf86vm" />
					<Add library="Xi" />
					<Add library="pthread" />
					<Add library="Xcursor" />
					<Add library="Xinerama" />
					<Add library="X11" />
					<Add library="BulletDynamics" />
					<Add library="BulletCollision" />
					<Add library="BulletSoftBody" />
					<Add library="LinearMath" />
					<Add directory="lib/linux_amd64" />
				</Linker>
			</Target>
			<Target title="Win Debug">
				<Option platforms="Windows;" />
				<Option output="bin/vbcpp_debug" prefix_auto="1" extension_auto="1" />
				<Option working_dir="bin" />
				<Option object_output="obj/Debug" />
				<Option type="1" />
				<Option compiler="gcc" />
				<Compiler>
					<Add option="-std=c++11" />
					<Add option="-g" />
					<Add directory="include" />
					<Add directory="include/bullet" />
					<Add directory="include/freetype" />
				</Compiler>
				<Linker>
					<Add library="lib/win32/glfw3dll.a" />
					<Add library="glew32" />
					<Add library="3ds" />
					<Add library="SOIL" />
					<Add library="opengl32" />
					<Add library="glu32" />
					<Add library="gdi32" />
					<Add library="BulletDynamics" />
					<Add library="BulletCollision" />
					<Add library="LinearMath" />
					<Add library="freetype" />
					<Add library="OpenAL32.dll" />
					<Add library="alut" />
					<Add library="assimp" />
					<Add directory="lib/win32" />
				</Linker>
			</Target>
			<Target title="Win Release">
				<Option platforms="Windows;" />
				<Option output="bin/vbcpp_release" prefix_auto="1" extension_auto="1" />
				<Option working_dir="bin" />
				<Option object_output="obj/Release" />
				<Option type="1" />
				<Option compiler="gcc" />
				<Compiler>
					<Add option="-march=i686" />
					<Add option="-std=c++11" />
					<Add directory="include" />
					<Add directory="include/bullet" />
					<Add directory="include/freetype" />
				</Compiler>
				<Linker>
					<Add library="lib/win32/glfw3dll.a" />
					<Add library="glew32" />
					<Add library="3ds" />
					<Add library="SOIL" />
					<Add library="opengl32" />
					<Add library="glu32" />
					<Add library="gdi32" />
					<Add library="BulletDynamics" />
					<Add library="BulletCollision" />
					<Add library="LinearMath" />
					<Add library="freetype" />
					<Add library="OpenAL32.dll" />
					<Add library="alut" />
					<Add library="assimp" />
					<Add directory="lib/win32" />
				</Linker>
			</Target>
		</Build>
		<Compiler>
			<Add option="-Wall" />
		</Compiler>
		<Unit filename="Bus/Bus.h" />
		<Unit filename="Bus/BusConstraint.cpp" />
		<Unit filename="Bus/BusConstraint.h" />
		<Unit filename="Bus/BusRaycast.cpp" />
		<Unit filename="Bus/BusRaycast.h" />
		<Unit filename="Bus/Desktop.cpp" />
		<Unit filename="Bus/Desktop.h" />
		<Unit filename="Bus/Door.h" />
		<Unit filename="Bus/DoorClassic.cpp" />
		<Unit filename="Bus/DoorClassic.h" />
		<Unit filename="Bus/DoorSE.h" />
		<Unit filename="Bus/DoorSimple.h" />
		<Unit filename="GUI/FontLoader.cpp" />
		<Unit filename="GUI/FontLoader.h" />
		<Unit filename="GUI/GUIManager.cpp" />
		<Unit filename="GUI/GUIManager.h" />
		<Unit filename="GUI/GUIObject.cpp" />
		<Unit filename="GUI/GUIObject.h" />
		<Unit filename="GUI/GUIRenderListElement.cpp" />
		<Unit filename="GUI/GUIRenderListElement.h" />
		<Unit filename="GUI/Image.cpp" />
		<Unit filename="GUI/Image.h" />
		<Unit filename="GUI/Label.cpp" />
		<Unit filename="GUI/Label.h" />
		<Unit filename="Game/BusStopComponent.cpp" />
		<Unit filename="Game/BusStopComponent.h" />
		<Unit filename="Game/BusStopSystem.cpp" />
		<Unit filename="Game/BusStopSystem.h" />
		<Unit filename="Game/GameConfig.cpp" />
		<Unit filename="Game/GameConfig.h" />
		<Unit filename="Graphics/AABB.h" />
		<Unit filename="Graphics/Camera.cpp" />
		<Unit filename="Graphics/Camera.h" />
		<Unit filename="Graphics/CameraFPS.cpp" />
		<Unit filename="Graphics/CameraFPS.hpp" />
		<Unit filename="Graphics/CameraStatic.cpp" />
		<Unit filename="Graphics/CameraStatic.hpp" />
		<Unit filename="Graphics/EnvironmentCaptureComponent.cpp" />
		<Unit filename="Graphics/EnvironmentCaptureComponent.h" />
		<Unit filename="Graphics/Framebuffer.cpp" />
		<Unit filename="Graphics/Framebuffer.h" />
		<Unit filename="Graphics/Frustum.cpp" />
		<Unit filename="Graphics/Frustum.h" />
		<Unit filename="Graphics/GraphicsManager.cpp" />
		<Unit filename="Graphics/GraphicsManager.h" />
		<Unit filename="Graphics/Grass.cpp" />
		<Unit filename="Graphics/Grass.h" />
		<Unit filename="Graphics/IBO.cpp" />
		<Unit filename="Graphics/IBO.h" />
		<Unit filename="Graphics/Light.cpp" />
		<Unit filename="Graphics/Light.h" />
		<Unit filename="Graphics/Load3ds.cpp" />
		<Unit filename="Graphics/Load3ds.h" />
		<Unit filename="Graphics/LoadMaterial.cpp" />
		<Unit filename="Graphics/LoadMaterial.h" />
		<Unit filename="Graphics/LoadShader.cpp" />
		<Unit filename="Graphics/LoadShader.h" />
		<Unit filename="Graphics/LoadTerrainModel.cpp" />
		<Unit filename="Graphics/LoadTerrainModel.h" />
		<Unit filename="Graphics/LoadTexture.cpp" />
		<Unit filename="Graphics/LoadTexture.h" />
		<Unit filename="Graphics/Material.h" />
		<Unit filename="Graphics/MirrorComponent.h" />
		<Unit filename="Graphics/Model.cpp" />
		<Unit filename="Graphics/Model.h" />
		<Unit filename="Graphics/ModelNode.cpp" />
		<Unit filename="Graphics/ModelNode.h" />
		<Unit filename="Graphics/NVMeshMender/NVMeshMender.cpp" />
		<Unit filename="Graphics/NVMeshMender/NVMeshMender.h" />
		<Unit filename="Graphics/OGLDriver.cpp" />
		<Unit filename="Graphics/OGLDriver.h" />
		<Unit filename="Graphics/Prefab.h" />
		<Unit filename="Graphics/QuadTree.cpp" />
		<Unit filename="Graphics/QuadTree.h" />
		<Unit filename="Graphics/QuadTreeNode.cpp" />
		<Unit filename="Graphics/QuadTreeNode.h" />
		<Unit filename="Graphics/RShader.h" />
		<Unit filename="Graphics/Rect.h" />
		<Unit filename="Graphics/RenderData.cpp" />
		<Unit filename="Graphics/RenderData.h" />
		<Unit filename="Graphics/RenderObject.cpp" />
		<Unit filename="Graphics/RenderObject.h" />
		<Unit filename="Graphics/Renderer.cpp" />
		<Unit filename="Graphics/Renderer.h" />
		<Unit filename="Graphics/Roads.cpp" />
		<Unit filename="Graphics/Roads.h" />
		<Unit filename="Graphics/RotationMode.h" />
		<Unit filename="Graphics/ShadowMap.cpp" />
		<Unit filename="Graphics/ShadowMap.h" />
		<Unit filename="Graphics/StaticModelLoader.cpp" />
		<Unit filename="Graphics/StaticModelLoader.h" />
		<Unit filename="Graphics/Transform.cpp" />
		<Unit filename="Graphics/Transform.h" />
		<Unit filename="Graphics/TreeComponent.h" />
		<Unit filename="Graphics/UBO.h" />
		<Unit filename="Graphics/VAO.h" />
		<Unit filename="Graphics/VBO.cpp" />
		<Unit filename="Graphics/VBO.h" />
		<Unit filename="Graphics/Vector3.h" />
		<Unit filename="Graphics/Vertex.h" />
		<Unit filename="Physics/Constraint.cpp" />
		<Unit filename="Physics/Constraint.hpp" />
		<Unit filename="Physics/ConstraintBall.cpp" />
		<Unit filename="Physics/ConstraintBall.h" />
		<Unit filename="Physics/ConstraintHinge.cpp" />
		<Unit filename="Physics/ConstraintHinge.hpp" />
		<Unit filename="Physics/ConstraintHinge2.cpp" />
		<Unit filename="Physics/ConstraintHinge2.hpp" />
		<Unit filename="Physics/PhysicalBody.cpp" />
		<Unit filename="Physics/PhysicalBody.hpp" />
		<Unit filename="Physics/PhysicalBodyBox.cpp" />
		<Unit filename="Physics/PhysicalBodyBox.hpp" />
		<Unit filename="Physics/PhysicalBodyBvtTriangleMesh.cpp" />
		<Unit filename="Physics/PhysicalBodyBvtTriangleMesh.hpp" />
		<Unit filename="Physics/PhysicalBodyConvexHull.cpp" />
		<Unit filename="Physics/PhysicalBodyConvexHull.hpp" />
		<Unit filename="Physics/PhysicalBodyCylinder.cpp" />
		<Unit filename="Physics/PhysicalBodyCylinder.hpp" />
		<Unit filename="Physics/PhysicalBodyRaycastVehicle.cpp" />
		<Unit filename="Physics/PhysicalBodyRaycastVehicle.h" />
		<Unit filename="Physics/PhysicalBodySphere.cpp" />
		<Unit filename="Physics/PhysicalBodySphere.hpp" />
		<Unit filename="Physics/PhysicalBodyStaticPlane.cpp" />
		<Unit filename="Physics/PhysicalBodyStaticPlane.hpp" />
		<Unit filename="Physics/PhysicalBodyWheel.cpp" />
		<Unit filename="Physics/PhysicalBodyWheel.h" />
		<Unit filename="Physics/PhysicsManager.cpp" />
		<Unit filename="Physics/PhysicsManager.hpp" />
		<Unit filename="Scene/ClickableObject.h" />
		<Unit filename="Scene/Component.cpp" />
		<Unit filename="Scene/Component.h" />
		<Unit filename="Scene/SceneManager.cpp" />
		<Unit filename="Scene/SceneManager.h" />
		<Unit filename="Scene/SceneObject.cpp" />
		<Unit filename="Scene/SceneObject.h" />
		<Unit filename="Scene/Skybox.cpp" />
		<Unit filename="Scene/Skybox.h" />
		<Unit filename="Scene/SoundComponent.h" />
		<Unit filename="Scene/SoundManager.h" />
		<Unit filename="Utils/Collision.cpp" />
		<Unit filename="Utils/Collision.h" />
		<Unit filename="Utils/Engine.cpp" />
		<Unit filename="Utils/Engine.h" />
		<Unit filename="Utils/FilesHelper.h" />
		<Unit filename="Utils/Gearbox.cpp" />
		<Unit filename="Utils/Gearbox.h" />
		<Unit filename="Utils/Helpers.cpp" />
		<Unit filename="Utils/Helpers.hpp" />
		<Unit filename="Utils/Math.h" />
		<Unit filename="Utils/RFont.cpp" />
		<Unit filename="Utils/RFont.h" />
		<Unit filename="Utils/RModel.cpp" />
		<Unit filename="Utils/RModel.h" />
		<Unit filename="Utils/RSound.h" />
		<Unit filename="Utils/RStaticModel.cpp" />
		<Unit filename="Utils/RStaticModel.h" />
		<Unit filename="Utils/RTexture.cpp" />
		<Unit filename="Utils/RTexture.h" />
		<Unit filename="Utils/RTexture2D.cpp" />
		<Unit filename="Utils/RTexture2D.h" />
		<Unit filename="Utils/RTextureCubeMap.cpp" />
		<Unit filename="Utils/RTextureCubeMap.h" />
		<Unit filename="Utils/RefCounter.h" />
		<Unit filename="Utils/Resource.h" />
		<Unit filename="Utils/ResourceManager.cpp" />
		<Unit filename="Utils/ResourceManager.h" />
		<Unit filename="Utils/SoundLoader.cpp" />
		<Unit filename="Utils/SoundLoader.h" />
		<Unit filename="Utils/Strings.h" />
		<Unit filename="Utils/Timer.h" />
		<Unit filename="Utils/XmlUtils.h" />
		<Unit filename="Utils/tinyxml2.cpp" />
		<Unit filename="Utils/tinyxml2.h" />
		<Unit filename="Window/Window.cpp" />
		<Unit filename="Window/Window.h" />
		<Unit filename="main.cpp" />
		<Extensions>
			<code_completion />
			<debugger />
			<envvars />
		</Extensions>
	</Project>
</CodeBlocks_project_file>
