<?xml version="1.0" encoding="UTF-8" standalone="yes" ?>
<CodeBlocks_project_file>
	<FileVersion major="1" minor="6" />
	<Project>
		<Option title="vbcpp" />
		<Option pch_mode="2" />
		<Option compiler="gcc" />
		<Build>
			<Target title="Linux Debug">
				<Option platforms="Unix;" />
				<Option output="bin/vbcpp_debug" prefix_auto="1" extension_auto="1" />
				<Option working_dir="bin/" />
				<Option object_output="obj/Debug/" />
				<Option type="1" />
				<Option compiler="gcc" />
				<Compiler>
					<Add option="-std=c++11" />
					<Add option="-g" />
					<Add directory="include" />
					<Add directory="include/bullet" />
				</Compiler>
				<Linker>
					<Add library="GL" />
					<Add library="GLU" />
					<Add library="GLEW" />
					<Add library="SOIL" />
					<Add library="glfw3" />
					<Add library="3ds" />
					<Add library="Xrandr" />
					<Add library="rt" />
					<Add library="dl" />
					<Add library="Xxf86vm" />
					<Add library="Xi" />
					<Add library="pthread" />
					<Add library="Xcursor" />
					<Add library="Xinerama" />
					<Add library="X11" />
					<Add library="BulletDynamics" />
					<Add library="BulletCollision" />
					<Add library="BulletSoftBody" />
					<Add library="LinearMath" />
					<Add directory="lib/linux_amd64" />
				</Linker>
			</Target>
			<Target title="Linux Release">
				<Option platforms="Unix;" />
				<Option output="bin/vbcpp" prefix_auto="1" extension_auto="1" />
				<Option working_dir="bin/" />
				<Option object_output="obj/Release/" />
				<Option type="1" />
				<Option compiler="gcc" />
				<Compiler>
					<Add option="-O2" />
					<Add option="-std=c++11" />
					<Add directory="include" />
					<Add directory="include/bullet" />
				</Compiler>
				<Linker>
					<Add option="-s" />
					<Add library="GL" />
					<Add library="GLU" />
					<Add library="GLEW" />
					<Add library="SOIL" />
					<Add library="glfw3" />
					<Add library="3ds" />
					<Add library="Xrandr" />
					<Add library="rt" />
					<Add library="dl" />
					<Add library="Xxf86vm" />
					<Add library="Xi" />
					<Add library="pthread" />
					<Add library="Xcursor" />
					<Add library="Xinerama" />
					<Add library="X11" />
					<Add library="BulletDynamics" />
					<Add library="BulletCollision" />
					<Add library="BulletSoftBody" />
					<Add library="LinearMath" />
					<Add directory="lib/linux_amd64" />
				</Linker>
			</Target>
			<Target title="Win Debug">
				<Option platforms="Windows;" />
				<Option output="bin/vbcpp_debug" prefix_auto="1" extension_auto="1" />
				<Option working_dir="bin" />
				<Option object_output="obj/Debug" />
				<Option type="1" />
				<Option compiler="gcc" />
				<Compiler>
					<Add option="-std=c++11" />
					<Add option="-g" />
					<Add directory="include" />
					<Add directory="include/bullet" />
				</Compiler>
				<Linker>
					<Add library="lib/win32/glfw3dll.a" />
					<Add library="glew32" />
					<Add library="3ds" />
					<Add library="SOIL" />
					<Add library="opengl32" />
					<Add library="glu32" />
					<Add library="gdi32" />
					<Add library="BulletDynamics" />
					<Add library="BulletCollision" />
					<Add library="LinearMath" />
					<Add directory="lib/win32" />
				</Linker>
			</Target>
			<Target title="Win Release">
				<Option platforms="Windows;" />
				<Option output="vbcpp" prefix_auto="1" extension_auto="1" />
				<Option working_dir="bin" />
				<Option object_output="obj/Release" />
				<Option type="1" />
				<Option compiler="gcc" />
				<Compiler>
					<Add option="-std=c++11" />
				</Compiler>
			</Target>
		</Build>
		<Compiler>
			<Add option="-Wall" />
		</Compiler>
		<Unit filename="Graphics/Camera.cpp" />
		<Unit filename="Graphics/Camera.h" />
		<Unit filename="Graphics/CameraFPS.cpp" />
		<Unit filename="Graphics/CameraFPS.hpp" />
		<Unit filename="Graphics/CameraStatic.cpp" />
		<Unit filename="Graphics/CameraStatic.hpp" />
		<Unit filename="Graphics/GraphicsManager.cpp" />
		<Unit filename="Graphics/GraphicsManager.h" />
		<Unit filename="Graphics/IBO.cpp" />
		<Unit filename="Graphics/IBO.h" />
		<Unit filename="Graphics/Light.cpp" />
		<Unit filename="Graphics/Light.h" />
		<Unit filename="Graphics/Load3ds.cpp" />
		<Unit filename="Graphics/Load3ds.h" />
		<Unit filename="Graphics/LoadShader.cpp" />
		<Unit filename="Graphics/LoadShader.h" />
		<Unit filename="Graphics/LoadTexture.cpp" />
		<Unit filename="Graphics/LoadTexture.h" />
		<Unit filename="Graphics/Material.h" />
		<Unit filename="Graphics/Model.cpp" />
		<Unit filename="Graphics/Model.h" />
		<Unit filename="Graphics/NVMeshMender/NVMeshMender.cpp" />
		<Unit filename="Graphics/NVMeshMender/NVMeshMender.h" />
		<Unit filename="Graphics/OGLDriver.cpp" />
		<Unit filename="Graphics/OGLDriver.h" />
		<Unit filename="Graphics/RShader.h" />
		<Unit filename="Graphics/RenderData.cpp" />
		<Unit filename="Graphics/RenderData.h" />
		<Unit filename="Graphics/RenderObject.cpp" />
		<Unit filename="Graphics/RenderObject.h" />
		<Unit filename="Graphics/Renderer.cpp" />
		<Unit filename="Graphics/Renderer.h" />
		<Unit filename="Graphics/Transform.cpp" />
		<Unit filename="Graphics/Transform.h" />
		<Unit filename="Graphics/VAO.h" />
		<Unit filename="Graphics/VBO.cpp" />
		<Unit filename="Graphics/VBO.h" />
		<Unit filename="Graphics/Vector3.h" />
		<Unit filename="Graphics/Vertex.h" />
		<Unit filename="Physics/Constraint.cpp" />
		<Unit filename="Physics/Constraint.hpp" />
		<Unit filename="Physics/ConstraintHinge.cpp" />
		<Unit filename="Physics/ConstraintHinge.hpp" />
		<Unit filename="Physics/ConstraintHinge2.cpp" />
		<Unit filename="Physics/ConstraintHinge2.hpp" />
		<Unit filename="Physics/PhysicalBody.cpp" />
		<Unit filename="Physics/PhysicalBody.hpp" />
		<Unit filename="Physics/PhysicalBodyBox.cpp" />
		<Unit filename="Physics/PhysicalBodyBox.hpp" />
		<Unit filename="Physics/PhysicalBodyBvtTriangleMesh.cpp" />
		<Unit filename="Physics/PhysicalBodyBvtTriangleMesh.hpp" />
		<Unit filename="Physics/PhysicalBodyConvexHull.cpp" />
		<Unit filename="Physics/PhysicalBodyConvexHull.hpp" />
		<Unit filename="Physics/PhysicalBodyCylinder.cpp" />
		<Unit filename="Physics/PhysicalBodyCylinder.hpp" />
		<Unit filename="Physics/PhysicalBodySphere.cpp" />
		<Unit filename="Physics/PhysicalBodySphere.hpp" />
		<Unit filename="Physics/PhysicalBodyStaticPlane.cpp" />
		<Unit filename="Physics/PhysicalBodyStaticPlane.hpp" />
		<Unit filename="Physics/PhysicsManager.cpp" />
		<Unit filename="Physics/PhysicsManager.hpp" />
		<Unit filename="Scene/Component.cpp" />
		<Unit filename="Scene/Component.h" />
		<Unit filename="Scene/SceneManager.cpp" />
		<Unit filename="Scene/SceneManager.h" />
		<Unit filename="Scene/SceneObject.h" />
		<Unit filename="Scene/sceneObject.cpp" />
		<Unit filename="Utils/Helpers.hpp" />
		<Unit filename="Utils/Math.h" />
		<Unit filename="Utils/RModel.cpp" />
		<Unit filename="Utils/RModel.h" />
		<Unit filename="Utils/RTexture.cpp" />
		<Unit filename="Utils/RTexture.h" />
		<Unit filename="Utils/RefCounter.h" />
		<Unit filename="Utils/Resource.h" />
		<Unit filename="Utils/ResourceManager.cpp" />
		<Unit filename="Utils/ResourceManager.h" />
		<Unit filename="Window/Window.cpp" />
		<Unit filename="Window/Window.h" />
		<Unit filename="main.cpp" />
		<Extensions>
			<code_completion />
			<debugger />
			<envvars />
		</Extensions>
	</Project>
</CodeBlocks_project_file>
